// !$*UTF8*$!
{
	archiveVersion = 1;
	classes = {
	};
	objectVersion = 50;
	objects = {

/* Begin PBXBuildFile section */
		41E9B033C407AECD93FF6E1C /* Pods_MyOwnPlasticFishes.framework in Frameworks */ = {isa = PBXBuildFile; fileRef = CA141ECEEEC3458E656FA102 /* Pods_MyOwnPlasticFishes.framework */; };
		57AA7571215BE051005572F3 /* Kingfisher.framework in Frameworks */ = {isa = PBXBuildFile; fileRef = 57AA7570215BE051005572F3 /* Kingfisher.framework */; };
		57AA7574215BE6C7005572F3 /* FishesTableViewCell.swift in Sources */ = {isa = PBXBuildFile; fileRef = 57AA7572215BE6C7005572F3 /* FishesTableViewCell.swift */; };
		57AA7575215BE6C7005572F3 /* FishesTableViewCell.xib in Resources */ = {isa = PBXBuildFile; fileRef = 57AA7573215BE6C7005572F3 /* FishesTableViewCell.xib */; };
		57AA7577215C6839005572F3 /* FishService.swift in Sources */ = {isa = PBXBuildFile; fileRef = 57AA7576215C6839005572F3 /* FishService.swift */; };
		57AA7579215C68B4005572F3 /* Client.swift in Sources */ = {isa = PBXBuildFile; fileRef = 57AA7578215C68B4005572F3 /* Client.swift */; };
		57AA757B215C7832005572F3 /* Detail.storyboard in Resources */ = {isa = PBXBuildFile; fileRef = 57AA757A215C7832005572F3 /* Detail.storyboard */; };
		57AA757D215C786F005572F3 /* FishViewController.swift in Sources */ = {isa = PBXBuildFile; fileRef = 57AA757C215C786F005572F3 /* FishViewController.swift */; };
		57CF06FC2159BF8500605F07 /* AppDelegate.swift in Sources */ = {isa = PBXBuildFile; fileRef = 57CF06FB2159BF8500605F07 /* AppDelegate.swift */; };
		57CF07052159BF8700605F07 /* Assets.xcassets in Resources */ = {isa = PBXBuildFile; fileRef = 57CF07042159BF8700605F07 /* Assets.xcassets */; };
		57CF07082159BF8700605F07 /* LaunchScreen.storyboard in Resources */ = {isa = PBXBuildFile; fileRef = 57CF07062159BF8700605F07 /* LaunchScreen.storyboard */; };
		57CF07132159BF8700605F07 /* MyOwnPlasticFishesTests.swift in Sources */ = {isa = PBXBuildFile; fileRef = 57CF07122159BF8700605F07 /* MyOwnPlasticFishesTests.swift */; };
		57CF07232159C0C000605F07 /* DataSource.swift in Sources */ = {isa = PBXBuildFile; fileRef = 57CF07222159C0C000605F07 /* DataSource.swift */; };
		57EBEC2C215BD48600048136 /* Fish.swift in Sources */ = {isa = PBXBuildFile; fileRef = 57EBEC2B215BD48600048136 /* Fish.swift */; };
		57EBEC2F215BD82500048136 /* FishesTableViewController.swift in Sources */ = {isa = PBXBuildFile; fileRef = 57EBEC2D215BD82500048136 /* FishesTableViewController.swift */; };
		57EBEC30215BD82500048136 /* FishesTableViewController.xib in Resources */ = {isa = PBXBuildFile; fileRef = 57EBEC2E215BD82500048136 /* FishesTableViewController.xib */; };
		57EBEC36215BDE3200048136 /* Pods_MyOwnPlasticFishesTests.framework in Frameworks */ = {isa = PBXBuildFile; fileRef = 9345691925C4BDC7FE2569DB /* Pods_MyOwnPlasticFishesTests.framework */; };
		D1C6727FC275C5EEDEC7564D /* Pods_MyOwnPlasticFishesTests.framework in Frameworks */ = {isa = PBXBuildFile; fileRef = 9345691925C4BDC7FE2569DB /* Pods_MyOwnPlasticFishesTests.framework */; };
/* End PBXBuildFile section */

/* Begin PBXContainerItemProxy section */
		57CF070F2159BF8700605F07 /* PBXContainerItemProxy */ = {
			isa = PBXContainerItemProxy;
			containerPortal = 57CF06F02159BF8500605F07 /* Project object */;
			proxyType = 1;
			remoteGlobalIDString = 57CF06F72159BF8500605F07;
			remoteInfo = MyOwnPlasticFishes;
		};
/* End PBXContainerItemProxy section */

/* Begin PBXFileReference section */
		51E7D85C8A67FD7EBC600C92 /* Pods-MyOwnPlasticFishes.debug.xcconfig */ = {isa = PBXFileReference; includeInIndex = 1; lastKnownFileType = text.xcconfig; name = "Pods-MyOwnPlasticFishes.debug.xcconfig"; path = "Pods/Target Support Files/Pods-MyOwnPlasticFishes/Pods-MyOwnPlasticFishes.debug.xcconfig"; sourceTree = "<group>"; };
		57AA7570215BE051005572F3 /* Kingfisher.framework */ = {isa = PBXFileReference; explicitFileType = wrapper.framework; path = Kingfisher.framework; sourceTree = BUILT_PRODUCTS_DIR; };
		57AA7572215BE6C7005572F3 /* FishesTableViewCell.swift */ = {isa = PBXFileReference; lastKnownFileType = sourcecode.swift; path = FishesTableViewCell.swift; sourceTree = "<group>"; };
		57AA7573215BE6C7005572F3 /* FishesTableViewCell.xib */ = {isa = PBXFileReference; lastKnownFileType = file.xib; path = FishesTableViewCell.xib; sourceTree = "<group>"; };
		57AA7576215C6839005572F3 /* FishService.swift */ = {isa = PBXFileReference; lastKnownFileType = sourcecode.swift; path = FishService.swift; sourceTree = "<group>"; };
		57AA7578215C68B4005572F3 /* Client.swift */ = {isa = PBXFileReference; lastKnownFileType = sourcecode.swift; path = Client.swift; sourceTree = "<group>"; };
		57AA757A215C7832005572F3 /* Detail.storyboard */ = {isa = PBXFileReference; lastKnownFileType = file.storyboard; path = Detail.storyboard; sourceTree = "<group>"; };
		57AA757C215C786F005572F3 /* FishViewController.swift */ = {isa = PBXFileReference; lastKnownFileType = sourcecode.swift; path = FishViewController.swift; sourceTree = "<group>"; };
		57CF06F82159BF8500605F07 /* MyOwnPlasticFishes.app */ = {isa = PBXFileReference; explicitFileType = wrapper.application; includeInIndex = 0; path = MyOwnPlasticFishes.app; sourceTree = BUILT_PRODUCTS_DIR; };
		57CF06FB2159BF8500605F07 /* AppDelegate.swift */ = {isa = PBXFileReference; lastKnownFileType = sourcecode.swift; path = AppDelegate.swift; sourceTree = "<group>"; };
		57CF07042159BF8700605F07 /* Assets.xcassets */ = {isa = PBXFileReference; lastKnownFileType = folder.assetcatalog; path = Assets.xcassets; sourceTree = "<group>"; };
		57CF07072159BF8700605F07 /* Base */ = {isa = PBXFileReference; lastKnownFileType = file.storyboard; name = Base; path = Base.lproj/LaunchScreen.storyboard; sourceTree = "<group>"; };
		57CF07092159BF8700605F07 /* Info.plist */ = {isa = PBXFileReference; lastKnownFileType = text.plist.xml; path = Info.plist; sourceTree = "<group>"; };
		57CF070E2159BF8700605F07 /* MyOwnPlasticFishesTests.xctest */ = {isa = PBXFileReference; explicitFileType = wrapper.cfbundle; includeInIndex = 0; path = MyOwnPlasticFishesTests.xctest; sourceTree = BUILT_PRODUCTS_DIR; };
		57CF07122159BF8700605F07 /* MyOwnPlasticFishesTests.swift */ = {isa = PBXFileReference; lastKnownFileType = sourcecode.swift; path = MyOwnPlasticFishesTests.swift; sourceTree = "<group>"; };
		57CF07142159BF8700605F07 /* Info.plist */ = {isa = PBXFileReference; lastKnownFileType = text.plist.xml; path = Info.plist; sourceTree = "<group>"; };
		57CF07222159C0C000605F07 /* DataSource.swift */ = {isa = PBXFileReference; lastKnownFileType = sourcecode.swift; path = DataSource.swift; sourceTree = "<group>"; };
		57EBEC2B215BD48600048136 /* Fish.swift */ = {isa = PBXFileReference; lastKnownFileType = sourcecode.swift; path = Fish.swift; sourceTree = "<group>"; };
		57EBEC2D215BD82500048136 /* FishesTableViewController.swift */ = {isa = PBXFileReference; lastKnownFileType = sourcecode.swift; path = FishesTableViewController.swift; sourceTree = "<group>"; };
		57EBEC2E215BD82500048136 /* FishesTableViewController.xib */ = {isa = PBXFileReference; lastKnownFileType = file.xib; path = FishesTableViewController.xib; sourceTree = "<group>"; };
		57EBEC31215BDBD300048136 /* Kingfisher.framework */ = {isa = PBXFileReference; explicitFileType = wrapper.framework; path = Kingfisher.framework; sourceTree = BUILT_PRODUCTS_DIR; };
		7B9C916510C8719AD4801FA1 /* Pods-MyOwnPlasticFishes.release.xcconfig */ = {isa = PBXFileReference; includeInIndex = 1; lastKnownFileType = text.xcconfig; name = "Pods-MyOwnPlasticFishes.release.xcconfig"; path = "Pods/Target Support Files/Pods-MyOwnPlasticFishes/Pods-MyOwnPlasticFishes.release.xcconfig"; sourceTree = "<group>"; };
		86857DCE75D1241FB2EEA0DD /* Pods-MyOwnPlasticFishesTests.release.xcconfig */ = {isa = PBXFileReference; includeInIndex = 1; lastKnownFileType = text.xcconfig; name = "Pods-MyOwnPlasticFishesTests.release.xcconfig"; path = "Pods/Target Support Files/Pods-MyOwnPlasticFishesTests/Pods-MyOwnPlasticFishesTests.release.xcconfig"; sourceTree = "<group>"; };
		9345691925C4BDC7FE2569DB /* Pods_MyOwnPlasticFishesTests.framework */ = {isa = PBXFileReference; explicitFileType = wrapper.framework; includeInIndex = 0; path = Pods_MyOwnPlasticFishesTests.framework; sourceTree = BUILT_PRODUCTS_DIR; };
		CA141ECEEEC3458E656FA102 /* Pods_MyOwnPlasticFishes.framework */ = {isa = PBXFileReference; explicitFileType = wrapper.framework; includeInIndex = 0; path = Pods_MyOwnPlasticFishes.framework; sourceTree = BUILT_PRODUCTS_DIR; };
		E49A98390D281AA86050C562 /* Pods-MyOwnPlasticFishesTests.debug.xcconfig */ = {isa = PBXFileReference; includeInIndex = 1; lastKnownFileType = text.xcconfig; name = "Pods-MyOwnPlasticFishesTests.debug.xcconfig"; path = "Pods/Target Support Files/Pods-MyOwnPlasticFishesTests/Pods-MyOwnPlasticFishesTests.debug.xcconfig"; sourceTree = "<group>"; };
/* End PBXFileReference section */

/* Begin PBXFrameworksBuildPhase section */
		57CF06F52159BF8500605F07 /* Frameworks */ = {
			isa = PBXFrameworksBuildPhase;
			buildActionMask = 2147483647;
			files = (
				57AA7571215BE051005572F3 /* Kingfisher.framework in Frameworks */,
				57EBEC36215BDE3200048136 /* Pods_MyOwnPlasticFishesTests.framework in Frameworks */,
				41E9B033C407AECD93FF6E1C /* Pods_MyOwnPlasticFishes.framework in Frameworks */,
			);
			runOnlyForDeploymentPostprocessing = 0;
		};
		57CF070B2159BF8700605F07 /* Frameworks */ = {
			isa = PBXFrameworksBuildPhase;
			buildActionMask = 2147483647;
			files = (
				D1C6727FC275C5EEDEC7564D /* Pods_MyOwnPlasticFishesTests.framework in Frameworks */,
			);
			runOnlyForDeploymentPostprocessing = 0;
		};
/* End PBXFrameworksBuildPhase section */

/* Begin PBXGroup section */
		57CF06EF2159BF8500605F07 = {
			isa = PBXGroup;
			children = (
				57CF06FA2159BF8500605F07 /* MyOwnPlasticFishes */,
				57CF07112159BF8700605F07 /* MyOwnPlasticFishesTests */,
				57CF06F92159BF8500605F07 /* Products */,
				9D32E055CA7F8FCB988C463F /* Pods */,
				6A45ADD33CC9A32D749D2A27 /* Frameworks */,
			);
			sourceTree = "<group>";
		};
		57CF06F92159BF8500605F07 /* Products */ = {
			isa = PBXGroup;
			children = (
				57CF06F82159BF8500605F07 /* MyOwnPlasticFishes.app */,
				57CF070E2159BF8700605F07 /* MyOwnPlasticFishesTests.xctest */,
			);
			name = Products;
			sourceTree = "<group>";
		};
		57CF06FA2159BF8500605F07 /* MyOwnPlasticFishes */ = {
			isa = PBXGroup;
			children = (
				57CF07212159C03D00605F07 /* services */,
				57CF07202159C03400605F07 /* network */,
				57CF071F2159C02200605F07 /* Controllers */,
				57CF071E2159C01D00605F07 /* Views */,
				57CF071D2159C01400605F07 /* Models */,
				57CF06FB2159BF8500605F07 /* AppDelegate.swift */,
				57CF07042159BF8700605F07 /* Assets.xcassets */,
				57CF07062159BF8700605F07 /* LaunchScreen.storyboard */,
				57CF07092159BF8700605F07 /* Info.plist */,
				57AA757A215C7832005572F3 /* Detail.storyboard */,
			);
			path = MyOwnPlasticFishes;
			sourceTree = "<group>";
		};
		57CF07112159BF8700605F07 /* MyOwnPlasticFishesTests */ = {
			isa = PBXGroup;
			children = (
				57CF07122159BF8700605F07 /* MyOwnPlasticFishesTests.swift */,
				57CF07142159BF8700605F07 /* Info.plist */,
			);
			path = MyOwnPlasticFishesTests;
			sourceTree = "<group>";
		};
		57CF071D2159C01400605F07 /* Models */ = {
			isa = PBXGroup;
			children = (
				57EBEC2B215BD48600048136 /* Fish.swift */,
			);
			path = Models;
			sourceTree = "<group>";
		};
		57CF071E2159C01D00605F07 /* Views */ = {
			isa = PBXGroup;
			children = (
			);
			path = Views;
			sourceTree = "<group>";
		};
		57CF071F2159C02200605F07 /* Controllers */ = {
			isa = PBXGroup;
			children = (
				57EBEC2D215BD82500048136 /* FishesTableViewController.swift */,
				57EBEC2E215BD82500048136 /* FishesTableViewController.xib */,
				57AA7572215BE6C7005572F3 /* FishesTableViewCell.swift */,
				57AA7573215BE6C7005572F3 /* FishesTableViewCell.xib */,
				57AA757C215C786F005572F3 /* FishViewController.swift */,
			);
			path = Controllers;
			sourceTree = "<group>";
		};
		57CF07202159C03400605F07 /* network */ = {
			isa = PBXGroup;
			children = (
				57CF07222159C0C000605F07 /* DataSource.swift */,
			);
			path = network;
			sourceTree = "<group>";
		};
		57CF07212159C03D00605F07 /* services */ = {
			isa = PBXGroup;
			children = (
				57AA7576215C6839005572F3 /* FishService.swift */,
				57AA7578215C68B4005572F3 /* Client.swift */,
			);
			path = services;
			sourceTree = "<group>";
		};
		6A45ADD33CC9A32D749D2A27 /* Frameworks */ = {
			isa = PBXGroup;
			children = (
				57AA7570215BE051005572F3 /* Kingfisher.framework */,
				57EBEC31215BDBD300048136 /* Kingfisher.framework */,
				CA141ECEEEC3458E656FA102 /* Pods_MyOwnPlasticFishes.framework */,
				9345691925C4BDC7FE2569DB /* Pods_MyOwnPlasticFishesTests.framework */,
			);
			name = Frameworks;
			sourceTree = "<group>";
		};
		9D32E055CA7F8FCB988C463F /* Pods */ = {
			isa = PBXGroup;
			children = (
				51E7D85C8A67FD7EBC600C92 /* Pods-MyOwnPlasticFishes.debug.xcconfig */,
				7B9C916510C8719AD4801FA1 /* Pods-MyOwnPlasticFishes.release.xcconfig */,
				E49A98390D281AA86050C562 /* Pods-MyOwnPlasticFishesTests.debug.xcconfig */,
				86857DCE75D1241FB2EEA0DD /* Pods-MyOwnPlasticFishesTests.release.xcconfig */,
			);
			name = Pods;
			sourceTree = "<group>";
		};
/* End PBXGroup section */

/* Begin PBXNativeTarget section */
		57CF06F72159BF8500605F07 /* MyOwnPlasticFishes */ = {
			isa = PBXNativeTarget;
			buildConfigurationList = 57CF07172159BF8700605F07 /* Build configuration list for PBXNativeTarget "MyOwnPlasticFishes" */;
			buildPhases = (
				5931BB086DEC1C908C391A92 /* [CP] Check Pods Manifest.lock */,
				57CF06F42159BF8500605F07 /* Sources */,
				57CF06F52159BF8500605F07 /* Frameworks */,
				57CF06F62159BF8500605F07 /* Resources */,
				E7C19C79354671AE205A158C /* [CP] Embed Pods Frameworks */,
			);
			buildRules = (
			);
			dependencies = (
			);
			name = MyOwnPlasticFishes;
			productName = MyOwnPlasticFishes;
			productReference = 57CF06F82159BF8500605F07 /* MyOwnPlasticFishes.app */;
			productType = "com.apple.product-type.application";
		};
		57CF070D2159BF8700605F07 /* MyOwnPlasticFishesTests */ = {
			isa = PBXNativeTarget;
			buildConfigurationList = 57CF071A2159BF8700605F07 /* Build configuration list for PBXNativeTarget "MyOwnPlasticFishesTests" */;
			buildPhases = (
				766DE4F392E4266AE8DA42FE /* [CP] Check Pods Manifest.lock */,
				57CF070A2159BF8700605F07 /* Sources */,
				57CF070B2159BF8700605F07 /* Frameworks */,
				57CF070C2159BF8700605F07 /* Resources */,
			);
			buildRules = (
			);
			dependencies = (
				57CF07102159BF8700605F07 /* PBXTargetDependency */,
			);
			name = MyOwnPlasticFishesTests;
			productName = MyOwnPlasticFishesTests;
			productReference = 57CF070E2159BF8700605F07 /* MyOwnPlasticFishesTests.xctest */;
			productType = "com.apple.product-type.bundle.unit-test";
		};
/* End PBXNativeTarget section */

/* Begin PBXProject section */
		57CF06F02159BF8500605F07 /* Project object */ = {
			isa = PBXProject;
			attributes = {
				LastSwiftUpdateCheck = 1000;
				LastUpgradeCheck = 1000;
				ORGANIZATIONNAME = "Abraham Quezada";
				TargetAttributes = {
					57CF06F72159BF8500605F07 = {
						CreatedOnToolsVersion = 10.0;
					};
					57CF070D2159BF8700605F07 = {
						CreatedOnToolsVersion = 10.0;
						TestTargetID = 57CF06F72159BF8500605F07;
					};
				};
			};
			buildConfigurationList = 57CF06F32159BF8500605F07 /* Build configuration list for PBXProject "MyOwnPlasticFishes" */;
			compatibilityVersion = "Xcode 9.3";
			developmentRegion = en;
			hasScannedForEncodings = 0;
			knownRegions = (
				en,
				Base,
			);
			mainGroup = 57CF06EF2159BF8500605F07;
			productRefGroup = 57CF06F92159BF8500605F07 /* Products */;
			projectDirPath = "";
			projectRoot = "";
			targets = (
				57CF06F72159BF8500605F07 /* MyOwnPlasticFishes */,
				57CF070D2159BF8700605F07 /* MyOwnPlasticFishesTests */,
			);
		};
/* End PBXProject section */

/* Begin PBXResourcesBuildPhase section */
		57CF06F62159BF8500605F07 /* Resources */ = {
			isa = PBXResourcesBuildPhase;
			buildActionMask = 2147483647;
			files = (
				57CF07082159BF8700605F07 /* LaunchScreen.storyboard in Resources */,
				57AA7575215BE6C7005572F3 /* FishesTableViewCell.xib in Resources */,
				57EBEC30215BD82500048136 /* FishesTableViewController.xib in Resources */,
				57AA757B215C7832005572F3 /* Detail.storyboard in Resources */,
				57CF07052159BF8700605F07 /* Assets.xcassets in Resources */,
			);
			runOnlyForDeploymentPostprocessing = 0;
		};
		57CF070C2159BF8700605F07 /* Resources */ = {
			isa = PBXResourcesBuildPhase;
			buildActionMask = 2147483647;
			files = (
			);
			runOnlyForDeploymentPostprocessing = 0;
		};
/* End PBXResourcesBuildPhase section */

/* Begin PBXShellScriptBuildPhase section */
		5931BB086DEC1C908C391A92 /* [CP] Check Pods Manifest.lock */ = {
			isa = PBXShellScriptBuildPhase;
			buildActionMask = 2147483647;
			files = (
			);
			inputFileListPaths = (
			);
			inputPaths = (
				"${PODS_PODFILE_DIR_PATH}/Podfile.lock",
				"${PODS_ROOT}/Manifest.lock",
			);
			name = "[CP] Check Pods Manifest.lock";
			outputFileListPaths = (
			);
			outputPaths = (
				"$(DERIVED_FILE_DIR)/Pods-MyOwnPlasticFishes-checkManifestLockResult.txt",
			);
			runOnlyForDeploymentPostprocessing = 0;
			shellPath = /bin/sh;
			shellScript = "diff \"${PODS_PODFILE_DIR_PATH}/Podfile.lock\" \"${PODS_ROOT}/Manifest.lock\" > /dev/null\nif [ $? != 0 ] ; then\n    # print error to STDERR\n    echo \"error: The sandbox is not in sync with the Podfile.lock. Run 'pod install' or update your CocoaPods installation.\" >&2\n    exit 1\nfi\n# This output is used by Xcode 'outputs' to avoid re-running this script phase.\necho \"SUCCESS\" > \"${SCRIPT_OUTPUT_FILE_0}\"\n";
			showEnvVarsInLog = 0;
		};
		766DE4F392E4266AE8DA42FE /* [CP] Check Pods Manifest.lock */ = {
			isa = PBXShellScriptBuildPhase;
			buildActionMask = 2147483647;
			files = (
			);
			inputFileListPaths = (
			);
			inputPaths = (
				"${PODS_PODFILE_DIR_PATH}/Podfile.lock",
				"${PODS_ROOT}/Manifest.lock",
			);
			name = "[CP] Check Pods Manifest.lock";
			outputFileListPaths = (
			);
			outputPaths = (
				"$(DERIVED_FILE_DIR)/Pods-MyOwnPlasticFishesTests-checkManifestLockResult.txt",
			);
			runOnlyForDeploymentPostprocessing = 0;
			shellPath = /bin/sh;
			shellScript = "diff \"${PODS_PODFILE_DIR_PATH}/Podfile.lock\" \"${PODS_ROOT}/Manifest.lock\" > /dev/null\nif [ $? != 0 ] ; then\n    # print error to STDERR\n    echo \"error: The sandbox is not in sync with the Podfile.lock. Run 'pod install' or update your CocoaPods installation.\" >&2\n    exit 1\nfi\n# This output is used by Xcode 'outputs' to avoid re-running this script phase.\necho \"SUCCESS\" > \"${SCRIPT_OUTPUT_FILE_0}\"\n";
			showEnvVarsInLog = 0;
		};
		E7C19C79354671AE205A158C /* [CP] Embed Pods Frameworks */ = {
			isa = PBXShellScriptBuildPhase;
			buildActionMask = 2147483647;
			files = (
			);
			inputFileListPaths = (
			);
			inputPaths = (
				"${SRCROOT}/Pods/Target Support Files/Pods-MyOwnPlasticFishes/Pods-MyOwnPlasticFishes-frameworks.sh",
				"${BUILT_PRODUCTS_DIR}/Kingfisher/Kingfisher.framework",
			);
			name = "[CP] Embed Pods Frameworks";
			outputFileListPaths = (
			);
			outputPaths = (
				"${TARGET_BUILD_DIR}/${FRAMEWORKS_FOLDER_PATH}/Kingfisher.framework",
			);
			runOnlyForDeploymentPostprocessing = 0;
			shellPath = /bin/sh;
			shellScript = "\"${SRCROOT}/Pods/Target Support Files/Pods-MyOwnPlasticFishes/Pods-MyOwnPlasticFishes-frameworks.sh\"\n";
			showEnvVarsInLog = 0;
		};
/* End PBXShellScriptBuildPhase section */

/* Begin PBXSourcesBuildPhase section */
		57CF06F42159BF8500605F07 /* Sources */ = {
			isa = PBXSourcesBuildPhase;
			buildActionMask = 2147483647;
			files = (
				57CF07232159C0C000605F07 /* DataSource.swift in Sources */,
				57AA7579215C68B4005572F3 /* Client.swift in Sources */,
				57EBEC2C215BD48600048136 /* Fish.swift in Sources */,
				57CF06FC2159BF8500605F07 /* AppDelegate.swift in Sources */,
				57AA757D215C786F005572F3 /* FishViewController.swift in Sources */,
				57AA7574215BE6C7005572F3 /* FishesTableViewCell.swift in Sources */,
				57EBEC2F215BD82500048136 /* FishesTableViewController.swift in Sources */,
				57AA7577215C6839005572F3 /* FishService.swift in Sources */,
			);
			runOnlyForDeploymentPostprocessing = 0;
		};
		57CF070A2159BF8700605F07 /* Sources */ = {
			isa = PBXSourcesBuildPhase;
			buildActionMask = 2147483647;
			files = (
				57CF07132159BF8700605F07 /* MyOwnPlasticFishesTests.swift in Sources */,
			);
			runOnlyForDeploymentPostprocessing = 0;
		};
/* End PBXSourcesBuildPhase section */

/* Begin PBXTargetDependency section */
		57CF07102159BF8700605F07 /* PBXTargetDependency */ = {
			isa = PBXTargetDependency;
			target = 57CF06F72159BF8500605F07 /* MyOwnPlasticFishes */;
			targetProxy = 57CF070F2159BF8700605F07 /* PBXContainerItemProxy */;
		};
/* End PBXTargetDependency section */

/* Begin PBXVariantGroup section */
		57CF07062159BF8700605F07 /* LaunchScreen.storyboard */ = {
			isa = PBXVariantGroup;
			children = (
				57CF07072159BF8700605F07 /* Base */,
			);
			name = LaunchScreen.storyboard;
			sourceTree = "<group>";
		};
/* End PBXVariantGroup section */

/* Begin XCBuildConfiguration section */
		57CF07152159BF8700605F07 /* Debug */ = {
			isa = XCBuildConfiguration;
			buildSettings = {
				ALWAYS_SEARCH_USER_PATHS = NO;
				CLANG_ANALYZER_NONNULL = YES;
				CLANG_ANALYZER_NUMBER_OBJECT_CONVERSION = YES_AGGRESSIVE;
				CLANG_CXX_LANGUAGE_STANDARD = "gnu++14";
				CLANG_CXX_LIBRARY = "libc++";
				CLANG_ENABLE_MODULES = YES;
				CLANG_ENABLE_OBJC_ARC = YES;
				CLANG_ENABLE_OBJC_WEAK = YES;
				CLANG_WARN_BLOCK_CAPTURE_AUTORELEASING = YES;
				CLANG_WARN_BOOL_CONVERSION = YES;
				CLANG_WARN_COMMA = YES;
				CLANG_WARN_CONSTANT_CONVERSION = YES;
				CLANG_WARN_DEPRECATED_OBJC_IMPLEMENTATIONS = YES;
				CLANG_WARN_DIRECT_OBJC_ISA_USAGE = YES_ERROR;
				CLANG_WARN_DOCUMENTATION_COMMENTS = YES;
				CLANG_WARN_EMPTY_BODY = YES;
				CLANG_WARN_ENUM_CONVERSION = YES;
				CLANG_WARN_INFINITE_RECURSION = YES;
				CLANG_WARN_INT_CONVERSION = YES;
				CLANG_WARN_NON_LITERAL_NULL_CONVERSION = YES;
				CLANG_WARN_OBJC_IMPLICIT_RETAIN_SELF = YES;
				CLANG_WARN_OBJC_LITERAL_CONVERSION = YES;
				CLANG_WARN_OBJC_ROOT_CLASS = YES_ERROR;
				CLANG_WARN_RANGE_LOOP_ANALYSIS = YES;
				CLANG_WARN_STRICT_PROTOTYPES = YES;
				CLANG_WARN_SUSPICIOUS_MOVE = YES;
				CLANG_WARN_UNGUARDED_AVAILABILITY = YES_AGGRESSIVE;
				CLANG_WARN_UNREACHABLE_CODE = YES;
				CLANG_WARN__DUPLICATE_METHOD_MATCH = YES;
				CODE_SIGN_IDENTITY = "iPhone Developer";
				COPY_PHASE_STRIP = NO;
				DEBUG_INFORMATION_FORMAT = dwarf;
				ENABLE_STRICT_OBJC_MSGSEND = YES;
				ENABLE_TESTABILITY = YES;
				GCC_C_LANGUAGE_STANDARD = gnu11;
				GCC_DYNAMIC_NO_PIC = NO;
				GCC_NO_COMMON_BLOCKS = YES;
				GCC_OPTIMIZATION_LEVEL = 0;
				GCC_PREPROCESSOR_DEFINITIONS = (
					"DEBUG=1",
					"$(inherited)",
				);
				GCC_WARN_64_TO_32_BIT_CONVERSION = YES;
				GCC_WARN_ABOUT_RETURN_TYPE = YES_ERROR;
				GCC_WARN_UNDECLARED_SELECTOR = YES;
				GCC_WARN_UNINITIALIZED_AUTOS = YES_AGGRESSIVE;
				GCC_WARN_UNUSED_FUNCTION = YES;
				GCC_WARN_UNUSED_VARIABLE = YES;
				IPHONEOS_DEPLOYMENT_TARGET = 12.0;
				MTL_ENABLE_DEBUG_INFO = INCLUDE_SOURCE;
				MTL_FAST_MATH = YES;
				ONLY_ACTIVE_ARCH = YES;
				SDKROOT = iphoneos;
				SWIFT_ACTIVE_COMPILATION_CONDITIONS = DEBUG;
				SWIFT_OPTIMIZATION_LEVEL = "-Onone";
			};
			name = Debug;
		};
		57CF07162159BF8700605F07 /* Release */ = {
			isa = XCBuildConfiguration;
			buildSettings = {
				ALWAYS_SEARCH_USER_PATHS = NO;
				CLANG_ANALYZER_NONNULL = YES;
				CLANG_ANALYZER_NUMBER_OBJECT_CONVERSION = YES_AGGRESSIVE;
				CLANG_CXX_LANGUAGE_STANDARD = "gnu++14";
				CLANG_CXX_LIBRARY = "libc++";
				CLANG_ENABLE_MODULES = YES;
				CLANG_ENABLE_OBJC_ARC = YES;
				CLANG_ENABLE_OBJC_WEAK = YES;
				CLANG_WARN_BLOCK_CAPTURE_AUTORELEASING = YES;
				CLANG_WARN_BOOL_CONVERSION = YES;
				CLANG_WARN_COMMA = YES;
				CLANG_WARN_CONSTANT_CONVERSION = YES;
				CLANG_WARN_DEPRECATED_OBJC_IMPLEMENTATIONS = YES;
				CLANG_WARN_DIRECT_OBJC_ISA_USAGE = YES_ERROR;
				CLANG_WARN_DOCUMENTATION_COMMENTS = YES;
				CLANG_WARN_EMPTY_BODY = YES;
				CLANG_WARN_ENUM_CONVERSION = YES;
				CLANG_WARN_INFINITE_RECURSION = YES;
				CLANG_WARN_INT_CONVERSION = YES;
				CLANG_WARN_NON_LITERAL_NULL_CONVERSION = YES;
				CLANG_WARN_OBJC_IMPLICIT_RETAIN_SELF = YES;
				CLANG_WARN_OBJC_LITERAL_CONVERSION = YES;
				CLANG_WARN_OBJC_ROOT_CLASS = YES_ERROR;
				CLANG_WARN_RANGE_LOOP_ANALYSIS = YES;
				CLANG_WARN_STRICT_PROTOTYPES = YES;
				CLANG_WARN_SUSPICIOUS_MOVE = YES;
				CLANG_WARN_UNGUARDED_AVAILABILITY = YES_AGGRESSIVE;
				CLANG_WARN_UNREACHABLE_CODE = YES;
				CLANG_WARN__DUPLICATE_METHOD_MATCH = YES;
				CODE_SIGN_IDENTITY = "iPhone Developer";
				COPY_PHASE_STRIP = NO;
				DEBUG_INFORMATION_FORMAT = "dwarf-with-dsym";
				ENABLE_NS_ASSERTIONS = NO;
				ENABLE_STRICT_OBJC_MSGSEND = YES;
				GCC_C_LANGUAGE_STANDARD = gnu11;
				GCC_NO_COMMON_BLOCKS = YES;
				GCC_WARN_64_TO_32_BIT_CONVERSION = YES;
				GCC_WARN_ABOUT_RETURN_TYPE = YES_ERROR;
				GCC_WARN_UNDECLARED_SELECTOR = YES;
				GCC_WARN_UNINITIALIZED_AUTOS = YES_AGGRESSIVE;
				GCC_WARN_UNUSED_FUNCTION = YES;
				GCC_WARN_UNUSED_VARIABLE = YES;
				IPHONEOS_DEPLOYMENT_TARGET = 12.0;
				MTL_ENABLE_DEBUG_INFO = NO;
				MTL_FAST_MATH = YES;
				SDKROOT = iphoneos;
				SWIFT_COMPILATION_MODE = wholemodule;
				SWIFT_OPTIMIZATION_LEVEL = "-O";
				VALIDATE_PRODUCT = YES;
			};
			name = Release;
		};
		57CF07182159BF8700605F07 /* Debug */ = {
			isa = XCBuildConfiguration;
			baseConfigurationReference = 51E7D85C8A67FD7EBC600C92 /* Pods-MyOwnPlasticFishes.debug.xcconfig */;
			buildSettings = {
				ASSETCATALOG_COMPILER_APPICON_NAME = AppIcon;
				CODE_SIGN_STYLE = Automatic;
				DEVELOPMENT_TEAM = DL2QH55944;
				INFOPLIST_FILE = MyOwnPlasticFishes/Info.plist;
				LD_RUNPATH_SEARCH_PATHS = (
					"$(inherited)",
					"@executable_path/Frameworks",
				);
				PRODUCT_BUNDLE_IDENTIFIER = "Abe-sCompany.MyOwnPlasticFishes";
				PRODUCT_NAME = "$(TARGET_NAME)";
				SWIFT_VERSION = 4.2;
				TARGETED_DEVICE_FAMILY = "1,2";
			};
			name = Debug;
		};
		57CF07192159BF8700605F07 /* Release */ = {
			isa = XCBuildConfiguration;
			baseConfigurationReference = 7B9C916510C8719AD4801FA1 /* Pods-MyOwnPlasticFishes.release.xcconfig */;
			buildSettings = {
				ASSETCATALOG_COMPILER_APPICON_NAME = AppIcon;
				CODE_SIGN_STYLE = Automatic;
				DEVELOPMENT_TEAM = DL2QH55944;
				INFOPLIST_FILE = MyOwnPlasticFishes/Info.plist;
				LD_RUNPATH_SEARCH_PATHS = (
					"$(inherited)",
					"@executable_path/Frameworks",
				);
				PRODUCT_BUNDLE_IDENTIFIER = "Abe-sCompany.MyOwnPlasticFishes";
				PRODUCT_NAME = "$(TARGET_NAME)";
				SWIFT_VERSION = 4.2;
				TARGETED_DEVICE_FAMILY = "1,2";
			};
			name = Release;
		};
		57CF071B2159BF8700605F07 /* Debug */ = {
			isa = XCBuildConfiguration;
			baseConfigurationReference = E49A98390D281AA86050C562 /* Pods-MyOwnPlasticFishesTests.debug.xcconfig */;
			buildSettings = {
				ALWAYS_EMBED_SWIFT_STANDARD_LIBRARIES = YES;
				BUNDLE_LOADER = "$(TEST_HOST)";
				CODE_SIGN_STYLE = Automatic;
				DEVELOPMENT_TEAM = DL2QH55944;
				INFOPLIST_FILE = MyOwnPlasticFishesTests/Info.plist;
				LD_RUNPATH_SEARCH_PATHS = (
					"$(inherited)",
					"@executable_path/Frameworks",
					"@loader_path/Frameworks",
				);
				PRODUCT_BUNDLE_IDENTIFIER = "Abe-sCompany.MyOwnPlasticFishesTests";
				PRODUCT_NAME = "$(TARGET_NAME)";
				SWIFT_VERSION = 4.2;
				TARGETED_DEVICE_FAMILY = "1,2";
				TEST_HOST = "$(BUILT_PRODUCTS_DIR)/MyOwnPlasticFishes.app/MyOwnPlasticFishes";
			};
			name = Debug;
		};
		57CF071C2159BF8700605F07 /* Release */ = {
			isa = XCBuildConfiguration;
			baseConfigurationReference = 86857DCE75D1241FB2EEA0DD /* Pods-MyOwnPlasticFishesTests.release.xcconfig */;
			buildSettings = {
				ALWAYS_EMBED_SWIFT_STANDARD_LIBRARIES = YES;
				BUNDLE_LOADER = "$(TEST_HOST)";
				CODE_SIGN_STYLE = Automatic;
				DEVELOPMENT_TEAM = DL2QH55944;
				INFOPLIST_FILE = MyOwnPlasticFishesTests/Info.plist;
				LD_RUNPATH_SEARCH_PATHS = (
					"$(inherited)",
					"@executable_path/Frameworks",
					"@loader_path/Frameworks",
				);
				PRODUCT_BUNDLE_IDENTIFIER = "Abe-sCompany.MyOwnPlasticFishesTests";
				PRODUCT_NAME = "$(TARGET_NAME)";
				SWIFT_VERSION = 4.2;
				TARGETED_DEVICE_FAMILY = "1,2";
				TEST_HOST = "$(BUILT_PRODUCTS_DIR)/MyOwnPlasticFishes.app/MyOwnPlasticFishes";
			};
			name = Release;
		};
/* End XCBuildConfiguration section */

/* Begin XCConfigurationList section */
		57CF06F32159BF8500605F07 /* Build configuration list for PBXProject "MyOwnPlasticFishes" */ = {
			isa = XCConfigurationList;
			buildConfigurations = (
				57CF07152159BF8700605F07 /* Debug */,
				57CF07162159BF8700605F07 /* Release */,
			);
			defaultConfigurationIsVisible = 0;
			defaultConfigurationName = Release;
		};
		57CF07172159BF8700605F07 /* Build configuration list for PBXNativeTarget "MyOwnPlasticFishes" */ = {
			isa = XCConfigurationList;
			buildConfigurations = (
				57CF07182159BF8700605F07 /* Debug */,
				57CF07192159BF8700605F07 /* Release */,
			);
			defaultConfigurationIsVisible = 0;
			defaultConfigurationName = Release;
		};
		57CF071A2159BF8700605F07 /* Build configuration list for PBXNativeTarget "MyOwnPlasticFishesTests" */ = {
			isa = XCConfigurationList;
			buildConfigurations = (
				57CF071B2159BF8700605F07 /* Debug */,
				57CF071C2159BF8700605F07 /* Release */,
			);
			defaultConfigurationIsVisible = 0;
			defaultConfigurationName = Release;
		};
/* End XCConfigurationList section */
	};
	rootObject = 57CF06F02159BF8500605F07 /* Project object */;
}
