// !$*UTF8*$!
{
	archiveVersion = 1;
	classes = {
	};
	objectVersion = 50;
	objects = {

/* Begin PBXBuildFile section */
		57C6310D216530CB00E08AC9 /* AppDelegate.swift in Sources */ = {isa = PBXBuildFile; fileRef = 57C6310C216530CB00E08AC9 /* AppDelegate.swift */; };
		57C63112216530CB00E08AC9 /* Main.storyboard in Resources */ = {isa = PBXBuildFile; fileRef = 57C63110216530CB00E08AC9 /* Main.storyboard */; };
		57C63114216530CD00E08AC9 /* Assets.xcassets in Resources */ = {isa = PBXBuildFile; fileRef = 57C63113216530CD00E08AC9 /* Assets.xcassets */; };
		57C63117216530CD00E08AC9 /* LaunchScreen.storyboard in Resources */ = {isa = PBXBuildFile; fileRef = 57C63115216530CD00E08AC9 /* LaunchScreen.storyboard */; };
		57C63122216530CD00E08AC9 /* HomepwnerTests.swift in Sources */ = {isa = PBXBuildFile; fileRef = 57C63121216530CD00E08AC9 /* HomepwnerTests.swift */; };
		57C6312D216530CD00E08AC9 /* HomepwnerUITests.swift in Sources */ = {isa = PBXBuildFile; fileRef = 57C6312C216530CD00E08AC9 /* HomepwnerUITests.swift */; };
		57C6313C216532C300E08AC9 /* ItemsViewController.swift in Sources */ = {isa = PBXBuildFile; fileRef = 57C6313B216532C300E08AC9 /* ItemsViewController.swift */; };
		57C6313F2165348B00E08AC9 /* Item.swift in Sources */ = {isa = PBXBuildFile; fileRef = 57C6313E2165348B00E08AC9 /* Item.swift */; };
		57C6314121653F1100E08AC9 /* ItemStore.swift in Sources */ = {isa = PBXBuildFile; fileRef = 57C6314021653F1100E08AC9 /* ItemStore.swift */; };
/* End PBXBuildFile section */

/* Begin PBXContainerItemProxy section */
		57C6311E216530CD00E08AC9 /* PBXContainerItemProxy */ = {
			isa = PBXContainerItemProxy;
			containerPortal = 57C63101216530CB00E08AC9 /* Project object */;
			proxyType = 1;
			remoteGlobalIDString = 57C63108216530CB00E08AC9;
			remoteInfo = Homepwner;
		};
		57C63129216530CD00E08AC9 /* PBXContainerItemProxy */ = {
			isa = PBXContainerItemProxy;
			containerPortal = 57C63101216530CB00E08AC9 /* Project object */;
			proxyType = 1;
			remoteGlobalIDString = 57C63108216530CB00E08AC9;
			remoteInfo = Homepwner;
		};
/* End PBXContainerItemProxy section */

/* Begin PBXFileReference section */
		57C63109216530CB00E08AC9 /* Homepwner.app */ = {isa = PBXFileReference; explicitFileType = wrapper.application; includeInIndex = 0; path = Homepwner.app; sourceTree = BUILT_PRODUCTS_DIR; };
		57C6310C216530CB00E08AC9 /* AppDelegate.swift */ = {isa = PBXFileReference; lastKnownFileType = sourcecode.swift; path = AppDelegate.swift; sourceTree = "<group>"; };
		57C63111216530CB00E08AC9 /* Base */ = {isa = PBXFileReference; lastKnownFileType = file.storyboard; name = Base; path = Base.lproj/Main.storyboard; sourceTree = "<group>"; };
		57C63113216530CD00E08AC9 /* Assets.xcassets */ = {isa = PBXFileReference; lastKnownFileType = folder.assetcatalog; path = Assets.xcassets; sourceTree = "<group>"; };
		57C63116216530CD00E08AC9 /* Base */ = {isa = PBXFileReference; lastKnownFileType = file.storyboard; name = Base; path = Base.lproj/LaunchScreen.storyboard; sourceTree = "<group>"; };
		57C63118216530CD00E08AC9 /* Info.plist */ = {isa = PBXFileReference; lastKnownFileType = text.plist.xml; path = Info.plist; sourceTree = "<group>"; };
		57C6311D216530CD00E08AC9 /* HomepwnerTests.xctest */ = {isa = PBXFileReference; explicitFileType = wrapper.cfbundle; includeInIndex = 0; path = HomepwnerTests.xctest; sourceTree = BUILT_PRODUCTS_DIR; };
		57C63121216530CD00E08AC9 /* HomepwnerTests.swift */ = {isa = PBXFileReference; lastKnownFileType = sourcecode.swift; path = HomepwnerTests.swift; sourceTree = "<group>"; };
		57C63123216530CD00E08AC9 /* Info.plist */ = {isa = PBXFileReference; lastKnownFileType = text.plist.xml; path = Info.plist; sourceTree = "<group>"; };
		57C63128216530CD00E08AC9 /* HomepwnerUITests.xctest */ = {isa = PBXFileReference; explicitFileType = wrapper.cfbundle; includeInIndex = 0; path = HomepwnerUITests.xctest; sourceTree = BUILT_PRODUCTS_DIR; };
		57C6312C216530CD00E08AC9 /* HomepwnerUITests.swift */ = {isa = PBXFileReference; lastKnownFileType = sourcecode.swift; path = HomepwnerUITests.swift; sourceTree = "<group>"; };
		57C6312E216530CD00E08AC9 /* Info.plist */ = {isa = PBXFileReference; lastKnownFileType = text.plist.xml; path = Info.plist; sourceTree = "<group>"; };
		57C6313B216532C300E08AC9 /* ItemsViewController.swift */ = {isa = PBXFileReference; lastKnownFileType = sourcecode.swift; path = ItemsViewController.swift; sourceTree = "<group>"; };
		57C6313E2165348B00E08AC9 /* Item.swift */ = {isa = PBXFileReference; lastKnownFileType = sourcecode.swift; path = Item.swift; sourceTree = "<group>"; };
		57C6314021653F1100E08AC9 /* ItemStore.swift */ = {isa = PBXFileReference; lastKnownFileType = sourcecode.swift; path = ItemStore.swift; sourceTree = "<group>"; };
/* End PBXFileReference section */

/* Begin PBXFrameworksBuildPhase section */
		57C63106216530CB00E08AC9 /* Frameworks */ = {
			isa = PBXFrameworksBuildPhase;
			buildActionMask = 2147483647;
			files = (
			);
			runOnlyForDeploymentPostprocessing = 0;
		};
		57C6311A216530CD00E08AC9 /* Frameworks */ = {
			isa = PBXFrameworksBuildPhase;
			buildActionMask = 2147483647;
			files = (
			);
			runOnlyForDeploymentPostprocessing = 0;
		};
		57C63125216530CD00E08AC9 /* Frameworks */ = {
			isa = PBXFrameworksBuildPhase;
			buildActionMask = 2147483647;
			files = (
			);
			runOnlyForDeploymentPostprocessing = 0;
		};
/* End PBXFrameworksBuildPhase section */

/* Begin PBXGroup section */
		57C63100216530CB00E08AC9 = {
			isa = PBXGroup;
			children = (
				57C6310B216530CB00E08AC9 /* Homepwner */,
				57C63120216530CD00E08AC9 /* HomepwnerTests */,
				57C6312B216530CD00E08AC9 /* HomepwnerUITests */,
				57C6310A216530CB00E08AC9 /* Products */,
			);
			sourceTree = "<group>";
		};
		57C6310A216530CB00E08AC9 /* Products */ = {
			isa = PBXGroup;
			children = (
				57C63109216530CB00E08AC9 /* Homepwner.app */,
				57C6311D216530CD00E08AC9 /* HomepwnerTests.xctest */,
				57C63128216530CD00E08AC9 /* HomepwnerUITests.xctest */,
			);
			name = Products;
			sourceTree = "<group>";
		};
		57C6310B216530CB00E08AC9 /* Homepwner */ = {
			isa = PBXGroup;
			children = (
				57C6313D2165347A00E08AC9 /* Models */,
				57C6313A2165329800E08AC9 /* Controllers */,
				57C6310C216530CB00E08AC9 /* AppDelegate.swift */,
				57C63110216530CB00E08AC9 /* Main.storyboard */,
				57C63113216530CD00E08AC9 /* Assets.xcassets */,
				57C63115216530CD00E08AC9 /* LaunchScreen.storyboard */,
				57C63118216530CD00E08AC9 /* Info.plist */,
			);
			path = Homepwner;
			sourceTree = "<group>";
		};
		57C63120216530CD00E08AC9 /* HomepwnerTests */ = {
			isa = PBXGroup;
			children = (
				57C63121216530CD00E08AC9 /* HomepwnerTests.swift */,
				57C63123216530CD00E08AC9 /* Info.plist */,
			);
			path = HomepwnerTests;
			sourceTree = "<group>";
		};
		57C6312B216530CD00E08AC9 /* HomepwnerUITests */ = {
			isa = PBXGroup;
			children = (
				57C6312C216530CD00E08AC9 /* HomepwnerUITests.swift */,
				57C6312E216530CD00E08AC9 /* Info.plist */,
			);
			path = HomepwnerUITests;
			sourceTree = "<group>";
		};
		57C6313A2165329800E08AC9 /* Controllers */ = {
			isa = PBXGroup;
			children = (
				57C6313B216532C300E08AC9 /* ItemsViewController.swift */,
			);
			path = Controllers;
			sourceTree = "<group>";
		};
		57C6313D2165347A00E08AC9 /* Models */ = {
			isa = PBXGroup;
			children = (
				57C6313E2165348B00E08AC9 /* Item.swift */,
				57C6314021653F1100E08AC9 /* ItemStore.swift */,
			);
			path = Models;
			sourceTree = "<group>";
		};
/* End PBXGroup section */

/* Begin PBXNativeTarget section */
		57C63108216530CB00E08AC9 /* Homepwner */ = {
			isa = PBXNativeTarget;
			buildConfigurationList = 57C63131216530CD00E08AC9 /* Build configuration list for PBXNativeTarget "Homepwner" */;
			buildPhases = (
				57C63105216530CB00E08AC9 /* Sources */,
				57C63106216530CB00E08AC9 /* Frameworks */,
				57C63107216530CB00E08AC9 /* Resources */,
			);
			buildRules = (
			);
			dependencies = (
			);
			name = Homepwner;
			productName = Homepwner;
			productReference = 57C63109216530CB00E08AC9 /* Homepwner.app */;
			productType = "com.apple.product-type.application";
		};
		57C6311C216530CD00E08AC9 /* HomepwnerTests */ = {
			isa = PBXNativeTarget;
			buildConfigurationList = 57C63134216530CD00E08AC9 /* Build configuration list for PBXNativeTarget "HomepwnerTests" */;
			buildPhases = (
				57C63119216530CD00E08AC9 /* Sources */,
				57C6311A216530CD00E08AC9 /* Frameworks */,
				57C6311B216530CD00E08AC9 /* Resources */,
			);
			buildRules = (
			);
			dependencies = (
				57C6311F216530CD00E08AC9 /* PBXTargetDependency */,
			);
			name = HomepwnerTests;
			productName = HomepwnerTests;
			productReference = 57C6311D216530CD00E08AC9 /* HomepwnerTests.xctest */;
			productType = "com.apple.product-type.bundle.unit-test";
		};
		57C63127216530CD00E08AC9 /* HomepwnerUITests */ = {
			isa = PBXNativeTarget;
			buildConfigurationList = 57C63137216530CD00E08AC9 /* Build configuration list for PBXNativeTarget "HomepwnerUITests" */;
			buildPhases = (
				57C63124216530CD00E08AC9 /* Sources */,
				57C63125216530CD00E08AC9 /* Frameworks */,
				57C63126216530CD00E08AC9 /* Resources */,
			);
			buildRules = (
			);
			dependencies = (
				57C6312A216530CD00E08AC9 /* PBXTargetDependency */,
			);
			name = HomepwnerUITests;
			productName = HomepwnerUITests;
			productReference = 57C63128216530CD00E08AC9 /* HomepwnerUITests.xctest */;
			productType = "com.apple.product-type.bundle.ui-testing";
		};
/* End PBXNativeTarget section */

/* Begin PBXProject section */
		57C63101216530CB00E08AC9 /* Project object */ = {
			isa = PBXProject;
			attributes = {
				LastSwiftUpdateCheck = 1000;
				LastUpgradeCheck = 1000;
				ORGANIZATIONNAME = "Abraham Quezada";
				TargetAttributes = {
					57C63108216530CB00E08AC9 = {
						CreatedOnToolsVersion = 10.0;
					};
					57C6311C216530CD00E08AC9 = {
						CreatedOnToolsVersion = 10.0;
						TestTargetID = 57C63108216530CB00E08AC9;
					};
					57C63127216530CD00E08AC9 = {
						CreatedOnToolsVersion = 10.0;
						TestTargetID = 57C63108216530CB00E08AC9;
					};
				};
			};
			buildConfigurationList = 57C63104216530CB00E08AC9 /* Build configuration list for PBXProject "Homepwner" */;
			compatibilityVersion = "Xcode 9.3";
			developmentRegion = en;
			hasScannedForEncodings = 0;
			knownRegions = (
				en,
				Base,
			);
			mainGroup = 57C63100216530CB00E08AC9;
			productRefGroup = 57C6310A216530CB00E08AC9 /* Products */;
			projectDirPath = "";
			projectRoot = "";
			targets = (
				57C63108216530CB00E08AC9 /* Homepwner */,
				57C6311C216530CD00E08AC9 /* HomepwnerTests */,
				57C63127216530CD00E08AC9 /* HomepwnerUITests */,
			);
		};
/* End PBXProject section */

/* Begin PBXResourcesBuildPhase section */
		57C63107216530CB00E08AC9 /* Resources */ = {
			isa = PBXResourcesBuildPhase;
			buildActionMask = 2147483647;
			files = (
				57C63117216530CD00E08AC9 /* LaunchScreen.storyboard in Resources */,
				57C63114216530CD00E08AC9 /* Assets.xcassets in Resources */,
				57C63112216530CB00E08AC9 /* Main.storyboard in Resources */,
			);
			runOnlyForDeploymentPostprocessing = 0;
		};
		57C6311B216530CD00E08AC9 /* Resources */ = {
			isa = PBXResourcesBuildPhase;
			buildActionMask = 2147483647;
			files = (
			);
			runOnlyForDeploymentPostprocessing = 0;
		};
		57C63126216530CD00E08AC9 /* Resources */ = {
			isa = PBXResourcesBuildPhase;
			buildActionMask = 2147483647;
			files = (
			);
			runOnlyForDeploymentPostprocessing = 0;
		};
/* End PBXResourcesBuildPhase section */

/* Begin PBXSourcesBuildPhase section */
		57C63105216530CB00E08AC9 /* Sources */ = {
			isa = PBXSourcesBuildPhase;
			buildActionMask = 2147483647;
			files = (
				57C6313C216532C300E08AC9 /* ItemsViewController.swift in Sources */,
				57C6313F2165348B00E08AC9 /* Item.swift in Sources */,
				57C6314121653F1100E08AC9 /* ItemStore.swift in Sources */,
				57C6310D216530CB00E08AC9 /* AppDelegate.swift in Sources */,
			);
			runOnlyForDeploymentPostprocessing = 0;
		};
		57C63119216530CD00E08AC9 /* Sources */ = {
			isa = PBXSourcesBuildPhase;
			buildActionMask = 2147483647;
			files = (
				57C63122216530CD00E08AC9 /* HomepwnerTests.swift in Sources */,
			);
			runOnlyForDeploymentPostprocessing = 0;
		};
		57C63124216530CD00E08AC9 /* Sources */ = {
			isa = PBXSourcesBuildPhase;
			buildActionMask = 2147483647;
			files = (
				57C6312D216530CD00E08AC9 /* HomepwnerUITests.swift in Sources */,
			);
			runOnlyForDeploymentPostprocessing = 0;
		};
/* End PBXSourcesBuildPhase section */

/* Begin PBXTargetDependency section */
		57C6311F216530CD00E08AC9 /* PBXTargetDependency */ = {
			isa = PBXTargetDependency;
			target = 57C63108216530CB00E08AC9 /* Homepwner */;
			targetProxy = 57C6311E216530CD00E08AC9 /* PBXContainerItemProxy */;
		};
		57C6312A216530CD00E08AC9 /* PBXTargetDependency */ = {
			isa = PBXTargetDependency;
			target = 57C63108216530CB00E08AC9 /* Homepwner */;
			targetProxy = 57C63129216530CD00E08AC9 /* PBXContainerItemProxy */;
		};
/* End PBXTargetDependency section */

/* Begin PBXVariantGroup section */
		57C63110216530CB00E08AC9 /* Main.storyboard */ = {
			isa = PBXVariantGroup;
			children = (
				57C63111216530CB00E08AC9 /* Base */,
			);
			name = Main.storyboard;
			sourceTree = "<group>";
		};
		57C63115216530CD00E08AC9 /* LaunchScreen.storyboard */ = {
			isa = PBXVariantGroup;
			children = (
				57C63116216530CD00E08AC9 /* Base */,
			);
			name = LaunchScreen.storyboard;
			sourceTree = "<group>";
		};
/* End PBXVariantGroup section */

/* Begin XCBuildConfiguration section */
		57C6312F216530CD00E08AC9 /* Debug */ = {
			isa = XCBuildConfiguration;
			buildSettings = {
				ALWAYS_SEARCH_USER_PATHS = NO;
				CLANG_ANALYZER_NONNULL = YES;
				CLANG_ANALYZER_NUMBER_OBJECT_CONVERSION = YES_AGGRESSIVE;
				CLANG_CXX_LANGUAGE_STANDARD = "gnu++14";
				CLANG_CXX_LIBRARY = "libc++";
				CLANG_ENABLE_MODULES = YES;
				CLANG_ENABLE_OBJC_ARC = YES;
				CLANG_ENABLE_OBJC_WEAK = YES;
				CLANG_WARN_BLOCK_CAPTURE_AUTORELEASING = YES;
				CLANG_WARN_BOOL_CONVERSION = YES;
				CLANG_WARN_COMMA = YES;
				CLANG_WARN_CONSTANT_CONVERSION = YES;
				CLANG_WARN_DEPRECATED_OBJC_IMPLEMENTATIONS = YES;
				CLANG_WARN_DIRECT_OBJC_ISA_USAGE = YES_ERROR;
				CLANG_WARN_DOCUMENTATION_COMMENTS = YES;
				CLANG_WARN_EMPTY_BODY = YES;
				CLANG_WARN_ENUM_CONVERSION = YES;
				CLANG_WARN_INFINITE_RECURSION = YES;
				CLANG_WARN_INT_CONVERSION = YES;
				CLANG_WARN_NON_LITERAL_NULL_CONVERSION = YES;
				CLANG_WARN_OBJC_IMPLICIT_RETAIN_SELF = YES;
				CLANG_WARN_OBJC_LITERAL_CONVERSION = YES;
				CLANG_WARN_OBJC_ROOT_CLASS = YES_ERROR;
				CLANG_WARN_RANGE_LOOP_ANALYSIS = YES;
				CLANG_WARN_STRICT_PROTOTYPES = YES;
				CLANG_WARN_SUSPICIOUS_MOVE = YES;
				CLANG_WARN_UNGUARDED_AVAILABILITY = YES_AGGRESSIVE;
				CLANG_WARN_UNREACHABLE_CODE = YES;
				CLANG_WARN__DUPLICATE_METHOD_MATCH = YES;
				CODE_SIGN_IDENTITY = "iPhone Developer";
				COPY_PHASE_STRIP = NO;
				DEBUG_INFORMATION_FORMAT = dwarf;
				ENABLE_STRICT_OBJC_MSGSEND = YES;
				ENABLE_TESTABILITY = YES;
				GCC_C_LANGUAGE_STANDARD = gnu11;
				GCC_DYNAMIC_NO_PIC = NO;
				GCC_NO_COMMON_BLOCKS = YES;
				GCC_OPTIMIZATION_LEVEL = 0;
				GCC_PREPROCESSOR_DEFINITIONS = (
					"DEBUG=1",
					"$(inherited)",
				);
				GCC_WARN_64_TO_32_BIT_CONVERSION = YES;
				GCC_WARN_ABOUT_RETURN_TYPE = YES_ERROR;
				GCC_WARN_UNDECLARED_SELECTOR = YES;
				GCC_WARN_UNINITIALIZED_AUTOS = YES_AGGRESSIVE;
				GCC_WARN_UNUSED_FUNCTION = YES;
				GCC_WARN_UNUSED_VARIABLE = YES;
				IPHONEOS_DEPLOYMENT_TARGET = 12.0;
				MTL_ENABLE_DEBUG_INFO = INCLUDE_SOURCE;
				MTL_FAST_MATH = YES;
				ONLY_ACTIVE_ARCH = YES;
				SDKROOT = iphoneos;
				SWIFT_ACTIVE_COMPILATION_CONDITIONS = DEBUG;
				SWIFT_OPTIMIZATION_LEVEL = "-Onone";
			};
			name = Debug;
		};
		57C63130216530CD00E08AC9 /* Release */ = {
			isa = XCBuildConfiguration;
			buildSettings = {
				ALWAYS_SEARCH_USER_PATHS = NO;
				CLANG_ANALYZER_NONNULL = YES;
				CLANG_ANALYZER_NUMBER_OBJECT_CONVERSION = YES_AGGRESSIVE;
				CLANG_CXX_LANGUAGE_STANDARD = "gnu++14";
				CLANG_CXX_LIBRARY = "libc++";
				CLANG_ENABLE_MODULES = YES;
				CLANG_ENABLE_OBJC_ARC = YES;
				CLANG_ENABLE_OBJC_WEAK = YES;
				CLANG_WARN_BLOCK_CAPTURE_AUTORELEASING = YES;
				CLANG_WARN_BOOL_CONVERSION = YES;
				CLANG_WARN_COMMA = YES;
				CLANG_WARN_CONSTANT_CONVERSION = YES;
				CLANG_WARN_DEPRECATED_OBJC_IMPLEMENTATIONS = YES;
				CLANG_WARN_DIRECT_OBJC_ISA_USAGE = YES_ERROR;
				CLANG_WARN_DOCUMENTATION_COMMENTS = YES;
				CLANG_WARN_EMPTY_BODY = YES;
				CLANG_WARN_ENUM_CONVERSION = YES;
				CLANG_WARN_INFINITE_RECURSION = YES;
				CLANG_WARN_INT_CONVERSION = YES;
				CLANG_WARN_NON_LITERAL_NULL_CONVERSION = YES;
				CLANG_WARN_OBJC_IMPLICIT_RETAIN_SELF = YES;
				CLANG_WARN_OBJC_LITERAL_CONVERSION = YES;
				CLANG_WARN_OBJC_ROOT_CLASS = YES_ERROR;
				CLANG_WARN_RANGE_LOOP_ANALYSIS = YES;
				CLANG_WARN_STRICT_PROTOTYPES = YES;
				CLANG_WARN_SUSPICIOUS_MOVE = YES;
				CLANG_WARN_UNGUARDED_AVAILABILITY = YES_AGGRESSIVE;
				CLANG_WARN_UNREACHABLE_CODE = YES;
				CLANG_WARN__DUPLICATE_METHOD_MATCH = YES;
				CODE_SIGN_IDENTITY = "iPhone Developer";
				COPY_PHASE_STRIP = NO;
				DEBUG_INFORMATION_FORMAT = "dwarf-with-dsym";
				ENABLE_NS_ASSERTIONS = NO;
				ENABLE_STRICT_OBJC_MSGSEND = YES;
				GCC_C_LANGUAGE_STANDARD = gnu11;
				GCC_NO_COMMON_BLOCKS = YES;
				GCC_WARN_64_TO_32_BIT_CONVERSION = YES;
				GCC_WARN_ABOUT_RETURN_TYPE = YES_ERROR;
				GCC_WARN_UNDECLARED_SELECTOR = YES;
				GCC_WARN_UNINITIALIZED_AUTOS = YES_AGGRESSIVE;
				GCC_WARN_UNUSED_FUNCTION = YES;
				GCC_WARN_UNUSED_VARIABLE = YES;
				IPHONEOS_DEPLOYMENT_TARGET = 12.0;
				MTL_ENABLE_DEBUG_INFO = NO;
				MTL_FAST_MATH = YES;
				SDKROOT = iphoneos;
				SWIFT_COMPILATION_MODE = wholemodule;
				SWIFT_OPTIMIZATION_LEVEL = "-O";
				VALIDATE_PRODUCT = YES;
			};
			name = Release;
		};
		57C63132216530CD00E08AC9 /* Debug */ = {
			isa = XCBuildConfiguration;
			buildSettings = {
				ASSETCATALOG_COMPILER_APPICON_NAME = AppIcon;
				CODE_SIGN_STYLE = Automatic;
				DEVELOPMENT_TEAM = DL2QH55944;
				INFOPLIST_FILE = Homepwner/Info.plist;
				LD_RUNPATH_SEARCH_PATHS = (
					"$(inherited)",
					"@executable_path/Frameworks",
				);
				PRODUCT_BUNDLE_IDENTIFIER = "Abe-sCompany.Homepwner";
				PRODUCT_NAME = "$(TARGET_NAME)";
				SWIFT_VERSION = 4.2;
				TARGETED_DEVICE_FAMILY = "1,2";
			};
			name = Debug;
		};
		57C63133216530CD00E08AC9 /* Release */ = {
			isa = XCBuildConfiguration;
			buildSettings = {
				ASSETCATALOG_COMPILER_APPICON_NAME = AppIcon;
				CODE_SIGN_STYLE = Automatic;
				DEVELOPMENT_TEAM = DL2QH55944;
				INFOPLIST_FILE = Homepwner/Info.plist;
				LD_RUNPATH_SEARCH_PATHS = (
					"$(inherited)",
					"@executable_path/Frameworks",
				);
				PRODUCT_BUNDLE_IDENTIFIER = "Abe-sCompany.Homepwner";
				PRODUCT_NAME = "$(TARGET_NAME)";
				SWIFT_VERSION = 4.2;
				TARGETED_DEVICE_FAMILY = "1,2";
			};
			name = Release;
		};
		57C63135216530CD00E08AC9 /* Debug */ = {
			isa = XCBuildConfiguration;
			buildSettings = {
				ALWAYS_EMBED_SWIFT_STANDARD_LIBRARIES = YES;
				BUNDLE_LOADER = "$(TEST_HOST)";
				CODE_SIGN_STYLE = Automatic;
				DEVELOPMENT_TEAM = DL2QH55944;
				INFOPLIST_FILE = HomepwnerTests/Info.plist;
				LD_RUNPATH_SEARCH_PATHS = (
					"$(inherited)",
					"@executable_path/Frameworks",
					"@loader_path/Frameworks",
				);
				PRODUCT_BUNDLE_IDENTIFIER = "Abe-sCompany.HomepwnerTests";
				PRODUCT_NAME = "$(TARGET_NAME)";
				SWIFT_VERSION = 4.2;
				TARGETED_DEVICE_FAMILY = "1,2";
				TEST_HOST = "$(BUILT_PRODUCTS_DIR)/Homepwner.app/Homepwner";
			};
			name = Debug;
		};
		57C63136216530CD00E08AC9 /* Release */ = {
			isa = XCBuildConfiguration;
			buildSettings = {
				ALWAYS_EMBED_SWIFT_STANDARD_LIBRARIES = YES;
				BUNDLE_LOADER = "$(TEST_HOST)";
				CODE_SIGN_STYLE = Automatic;
				DEVELOPMENT_TEAM = DL2QH55944;
				INFOPLIST_FILE = HomepwnerTests/Info.plist;
				LD_RUNPATH_SEARCH_PATHS = (
					"$(inherited)",
					"@executable_path/Frameworks",
					"@loader_path/Frameworks",
				);
				PRODUCT_BUNDLE_IDENTIFIER = "Abe-sCompany.HomepwnerTests";
				PRODUCT_NAME = "$(TARGET_NAME)";
				SWIFT_VERSION = 4.2;
				TARGETED_DEVICE_FAMILY = "1,2";
				TEST_HOST = "$(BUILT_PRODUCTS_DIR)/Homepwner.app/Homepwner";
			};
			name = Release;
		};
		57C63138216530CD00E08AC9 /* Debug */ = {
			isa = XCBuildConfiguration;
			buildSettings = {
				ALWAYS_EMBED_SWIFT_STANDARD_LIBRARIES = YES;
				CODE_SIGN_STYLE = Automatic;
				DEVELOPMENT_TEAM = DL2QH55944;
				INFOPLIST_FILE = HomepwnerUITests/Info.plist;
				LD_RUNPATH_SEARCH_PATHS = (
					"$(inherited)",
					"@executable_path/Frameworks",
					"@loader_path/Frameworks",
				);
				PRODUCT_BUNDLE_IDENTIFIER = "Abe-sCompany.HomepwnerUITests";
				PRODUCT_NAME = "$(TARGET_NAME)";
				SWIFT_VERSION = 4.2;
				TARGETED_DEVICE_FAMILY = "1,2";
				TEST_TARGET_NAME = Homepwner;
			};
			name = Debug;
		};
		57C63139216530CD00E08AC9 /* Release */ = {
			isa = XCBuildConfiguration;
			buildSettings = {
				ALWAYS_EMBED_SWIFT_STANDARD_LIBRARIES = YES;
				CODE_SIGN_STYLE = Automatic;
				DEVELOPMENT_TEAM = DL2QH55944;
				INFOPLIST_FILE = HomepwnerUITests/Info.plist;
				LD_RUNPATH_SEARCH_PATHS = (
					"$(inherited)",
					"@executable_path/Frameworks",
					"@loader_path/Frameworks",
				);
				PRODUCT_BUNDLE_IDENTIFIER = "Abe-sCompany.HomepwnerUITests";
				PRODUCT_NAME = "$(TARGET_NAME)";
				SWIFT_VERSION = 4.2;
				TARGETED_DEVICE_FAMILY = "1,2";
				TEST_TARGET_NAME = Homepwner;
			};
			name = Release;
		};
/* End XCBuildConfiguration section */

/* Begin XCConfigurationList section */
		57C63104216530CB00E08AC9 /* Build configuration list for PBXProject "Homepwner" */ = {
			isa = XCConfigurationList;
			buildConfigurations = (
				57C6312F216530CD00E08AC9 /* Debug */,
				57C63130216530CD00E08AC9 /* Release */,
			);
			defaultConfigurationIsVisible = 0;
			defaultConfigurationName = Release;
		};
		57C63131216530CD00E08AC9 /* Build configuration list for PBXNativeTarget "Homepwner" */ = {
			isa = XCConfigurationList;
			buildConfigurations = (
				57C63132216530CD00E08AC9 /* Debug */,
				57C63133216530CD00E08AC9 /* Release */,
			);
			defaultConfigurationIsVisible = 0;
			defaultConfigurationName = Release;
		};
		57C63134216530CD00E08AC9 /* Build configuration list for PBXNativeTarget "HomepwnerTests" */ = {
			isa = XCConfigurationList;
			buildConfigurations = (
				57C63135216530CD00E08AC9 /* Debug */,
				57C63136216530CD00E08AC9 /* Release */,
			);
			defaultConfigurationIsVisible = 0;
			defaultConfigurationName = Release;
		};
		57C63137216530CD00E08AC9 /* Build configuration list for PBXNativeTarget "HomepwnerUITests" */ = {
			isa = XCConfigurationList;
			buildConfigurations = (
				57C63138216530CD00E08AC9 /* Debug */,
				57C63139216530CD00E08AC9 /* Release */,
			);
			defaultConfigurationIsVisible = 0;
			defaultConfigurationName = Release;
		};
/* End XCConfigurationList section */
	};
	rootObject = 57C63101216530CB00E08AC9 /* Project object */;
}
